github.com/google/jsonschema-go v0.2.3 h1:dkP3B96OtZKKFvdrUSaDkL+YDx8Uw9uC4Y+eukpCnmM=
github.com/google/jsonschema-go v0.2.3/go.mod h1:r5quNTdLOYEz95Ru18zA0ydNbBuYoo9tgaYcxEYhJVE=
github.com/localrivet/gomcp v1.7.2 h1:dJtKCvbI8Gr/L0N7cZlo3XOMyCc7GCahdtbI/Y/K9Ig=
github.com/localrivet/gomcp v1.7.2/go.mod h1:7MBYbqypfmEzDuLWdz2FSkAeX19ZX9cSe6qD6mZgOEc=
github.com/mark3labs/mcp-go v0.39.1 h1:2oPxk7aDbQhouakkYyKl2T4hKFU1c6FDaubWyGyVE1k=
github.com/mark3labs/mcp-go v0.39.1/go.mod h1:T7tUa2jO6MavG+3P25Oy/jR7iCeJPHImCZHRymCn39g=
github.com/modelcontextprotocol/go-sdk v0.5.0 h1:WXRHx/4l5LF5MZboeIJYn7PMFCrMNduGGVapYWFgrF8=
github.com/modelcontextprotocol/go-sdk v0.5.0/go.mod h1:degUj7OVKR6JcYbDF+O99Fag2lTSTbamZacbGTRTSGU=
github.com/yosida95/uritemplate/v3 v3.0.2 h1:Ed3Oyj9yrmi9087+NczuL5BwkIc4wvTb5zIM+UJPGz4=
github.com/yosida95/uritemplate/v3 v3.0.2/go.mod h1:ILOh0sOhIJR3+L/8afwt/kE++YT040gmv5BQTMR2HP4=
